
Microsoft Visual Studio Solution File, Format Version 12.00
# Visual Studio Version 17
VisualStudioVersion = 17.1.32319.34
MinimumVisualStudioVersion = 10.0.40219.1
Project("{FAE04EC0-301F-11D3-BF4B-00C04F79EFBC}") = "HW16_logIn", "HW16_logIn.csproj", "{14639FAB-350F-4A08-9CBB-C6DED30F0750}"
EndProject
Global
	GlobalSection(SolutionConfigurationPlatforms) = preSolution
		Debug|Any CPU = Debug|Any CPU
		Release|Any CPU = Release|Any CPU
	EndGlobalSection
	GlobalSection(ProjectConfigurationPlatforms) = postSolution
		{14639FAB-350F-4A08-9CBB-C6DED30F0750}.Debug|Any CPU.ActiveCfg = Debug|Any CPU
		{14639FAB-350F-4A08-9CBB-C6DED30F0750}.Debug|Any CPU.Build.0 = Debug|Any CPU
		{14639FAB-350F-4A08-9CBB-C6DED30F0750}.Release|Any CPU.ActiveCfg = Release|Any CPU
		{14639FAB-350F-4A08-9CBB-C6DED30F0750}.Release|Any CPU.Build.0 = Release|Any CPU
	EndGlobalSection
	GlobalSection(SolutionProperties) = preSolution
		HideSolutionNode = FALSE
	EndGlobalSection
	GlobalSection(ExtensibilityGlobals) = postSolution
		SolutionGuid = {AA21CD94-04B2-4872-BADC-22385ED0DABF}
	EndGlobalSection
EndGlobal
